
Microsoft Visual Studio Solution File, Format Version 12.00
# Visual Studio Version 17
VisualStudioVersion = 17.5.33627.172
MinimumVisualStudioVersion = 10.0.40219.1
Project("{FAE04EC0-301F-11D3-BF4B-00C04F79EFBC}") = "Module_8_3_2", "Module_8_3_2.csproj", "{FD8006D4-FC86-4CBF-B68F-AD10A1474F3D}"
EndProject
Global
	GlobalSection(SolutionConfigurationPlatforms) = preSolution
		Debug|Any CPU = Debug|Any CPU
		Release|Any CPU = Release|Any CPU
	EndGlobalSection
	GlobalSection(ProjectConfigurationPlatforms) = postSolution
		{FD8006D4-FC86-4CBF-B68F-AD10A1474F3D}.Debug|Any CPU.ActiveCfg = Debug|Any CPU
		{FD8006D4-FC86-4CBF-B68F-AD10A1474F3D}.Debug|Any CPU.Build.0 = Debug|Any CPU
		{FD8006D4-FC86-4CBF-B68F-AD10A1474F3D}.Release|Any CPU.ActiveCfg = Release|Any CPU
		{FD8006D4-FC86-4CBF-B68F-AD10A1474F3D}.Release|Any CPU.Build.0 = Release|Any CPU
	EndGlobalSection
	GlobalSection(SolutionProperties) = preSolution
		HideSolutionNode = FALSE
	EndGlobalSection
	GlobalSection(ExtensibilityGlobals) = postSolution
		SolutionGuid = {E9E8F6DD-6578-4D18-8703-0FFC4450A07A}
	EndGlobalSection
EndGlobal
