
Microsoft Visual Studio Solution File, Format Version 12.00
# Visual Studio Version 17
VisualStudioVersion = 17.5.33627.172
MinimumVisualStudioVersion = 10.0.40219.1
Project("{FAE04EC0-301F-11D3-BF4B-00C04F79EFBC}") = "Module_8_5_0", "Module_8_5_0.csproj", "{72704F9B-12FF-45AC-9AB5-5436AA589A73}"
EndProject
Global
	GlobalSection(SolutionConfigurationPlatforms) = preSolution
		Debug|Any CPU = Debug|Any CPU
		Release|Any CPU = Release|Any CPU
	EndGlobalSection
	GlobalSection(ProjectConfigurationPlatforms) = postSolution
		{72704F9B-12FF-45AC-9AB5-5436AA589A73}.Debug|Any CPU.ActiveCfg = Debug|Any CPU
		{72704F9B-12FF-45AC-9AB5-5436AA589A73}.Debug|Any CPU.Build.0 = Debug|Any CPU
		{72704F9B-12FF-45AC-9AB5-5436AA589A73}.Release|Any CPU.ActiveCfg = Release|Any CPU
		{72704F9B-12FF-45AC-9AB5-5436AA589A73}.Release|Any CPU.Build.0 = Release|Any CPU
	EndGlobalSection
	GlobalSection(SolutionProperties) = preSolution
		HideSolutionNode = FALSE
	EndGlobalSection
	GlobalSection(ExtensibilityGlobals) = postSolution
		SolutionGuid = {4CF905E5-6E90-441E-ABF7-A05EA293FA7F}
	EndGlobalSection
EndGlobal
