
Microsoft Visual Studio Solution File, Format Version 12.00
# Visual Studio Version 17
VisualStudioVersion = 17.5.33627.172
MinimumVisualStudioVersion = 10.0.40219.1
Project("{FAE04EC0-301F-11D3-BF4B-00C04F79EFBC}") = "Module_7_6_6", "Module_7_6_6.csproj", "{A7948C80-9239-48D5-A3DB-94EF6DB1885E}"
EndProject
Global
	GlobalSection(SolutionConfigurationPlatforms) = preSolution
		Debug|Any CPU = Debug|Any CPU
		Release|Any CPU = Release|Any CPU
	EndGlobalSection
	GlobalSection(ProjectConfigurationPlatforms) = postSolution
		{A7948C80-9239-48D5-A3DB-94EF6DB1885E}.Debug|Any CPU.ActiveCfg = Debug|Any CPU
		{A7948C80-9239-48D5-A3DB-94EF6DB1885E}.Debug|Any CPU.Build.0 = Debug|Any CPU
		{A7948C80-9239-48D5-A3DB-94EF6DB1885E}.Release|Any CPU.ActiveCfg = Release|Any CPU
		{A7948C80-9239-48D5-A3DB-94EF6DB1885E}.Release|Any CPU.Build.0 = Release|Any CPU
	EndGlobalSection
	GlobalSection(SolutionProperties) = preSolution
		HideSolutionNode = FALSE
	EndGlobalSection
	GlobalSection(ExtensibilityGlobals) = postSolution
		SolutionGuid = {E05F1052-4A55-42F0-84EE-5AB9D91FBF21}
	EndGlobalSection
EndGlobal
