
Microsoft Visual Studio Solution File, Format Version 12.00
# Visual Studio Version 17
VisualStudioVersion = 17.5.33627.172
MinimumVisualStudioVersion = 10.0.40219.1
Project("{FAE04EC0-301F-11D3-BF4B-00C04F79EFBC}") = "Module_7_2_13", "Module_7_2_13.csproj", "{58F084E4-53E1-4B8A-9BD4-2E0799E76BD4}"
EndProject
Global
	GlobalSection(SolutionConfigurationPlatforms) = preSolution
		Debug|Any CPU = Debug|Any CPU
		Release|Any CPU = Release|Any CPU
	EndGlobalSection
	GlobalSection(ProjectConfigurationPlatforms) = postSolution
		{58F084E4-53E1-4B8A-9BD4-2E0799E76BD4}.Debug|Any CPU.ActiveCfg = Debug|Any CPU
		{58F084E4-53E1-4B8A-9BD4-2E0799E76BD4}.Debug|Any CPU.Build.0 = Debug|Any CPU
		{58F084E4-53E1-4B8A-9BD4-2E0799E76BD4}.Release|Any CPU.ActiveCfg = Release|Any CPU
		{58F084E4-53E1-4B8A-9BD4-2E0799E76BD4}.Release|Any CPU.Build.0 = Release|Any CPU
	EndGlobalSection
	GlobalSection(SolutionProperties) = preSolution
		HideSolutionNode = FALSE
	EndGlobalSection
	GlobalSection(ExtensibilityGlobals) = postSolution
		SolutionGuid = {8EF19BE4-AF2E-4645-889F-390F8A62A94F}
	EndGlobalSection
EndGlobal
