
Microsoft Visual Studio Solution File, Format Version 12.00
# Visual Studio Version 17
VisualStudioVersion = 17.5.33627.172
MinimumVisualStudioVersion = 10.0.40219.1
Project("{FAE04EC0-301F-11D3-BF4B-00C04F79EFBC}") = "Module_9_3_1", "Module_9_3_1.csproj", "{EC285396-6BAA-44E9-BCC0-46FF4523BC60}"
EndProject
Global
	GlobalSection(SolutionConfigurationPlatforms) = preSolution
		Debug|Any CPU = Debug|Any CPU
		Release|Any CPU = Release|Any CPU
	EndGlobalSection
	GlobalSection(ProjectConfigurationPlatforms) = postSolution
		{EC285396-6BAA-44E9-BCC0-46FF4523BC60}.Debug|Any CPU.ActiveCfg = Debug|Any CPU
		{EC285396-6BAA-44E9-BCC0-46FF4523BC60}.Debug|Any CPU.Build.0 = Debug|Any CPU
		{EC285396-6BAA-44E9-BCC0-46FF4523BC60}.Release|Any CPU.ActiveCfg = Release|Any CPU
		{EC285396-6BAA-44E9-BCC0-46FF4523BC60}.Release|Any CPU.Build.0 = Release|Any CPU
	EndGlobalSection
	GlobalSection(SolutionProperties) = preSolution
		HideSolutionNode = FALSE
	EndGlobalSection
	GlobalSection(ExtensibilityGlobals) = postSolution
		SolutionGuid = {A2CF0536-793A-4C3F-A4CD-9E5C86FB874D}
	EndGlobalSection
EndGlobal
