
Microsoft Visual Studio Solution File, Format Version 12.00
# Visual Studio Version 17
VisualStudioVersion = 17.5.33627.172
MinimumVisualStudioVersion = 10.0.40219.1
Project("{FAE04EC0-301F-11D3-BF4B-00C04F79EFBC}") = "Module_7_3_3", "Module_7_3_3.csproj", "{2EFA852B-7941-4ECA-8E09-B179315192C1}"
EndProject
Global
	GlobalSection(SolutionConfigurationPlatforms) = preSolution
		Debug|Any CPU = Debug|Any CPU
		Release|Any CPU = Release|Any CPU
	EndGlobalSection
	GlobalSection(ProjectConfigurationPlatforms) = postSolution
		{2EFA852B-7941-4ECA-8E09-B179315192C1}.Debug|Any CPU.ActiveCfg = Debug|Any CPU
		{2EFA852B-7941-4ECA-8E09-B179315192C1}.Debug|Any CPU.Build.0 = Debug|Any CPU
		{2EFA852B-7941-4ECA-8E09-B179315192C1}.Release|Any CPU.ActiveCfg = Release|Any CPU
		{2EFA852B-7941-4ECA-8E09-B179315192C1}.Release|Any CPU.Build.0 = Release|Any CPU
	EndGlobalSection
	GlobalSection(SolutionProperties) = preSolution
		HideSolutionNode = FALSE
	EndGlobalSection
	GlobalSection(ExtensibilityGlobals) = postSolution
		SolutionGuid = {B2D387AF-80AC-4035-935E-0C3A4DB5F1EE}
	EndGlobalSection
EndGlobal
