
Microsoft Visual Studio Solution File, Format Version 12.00
# Visual Studio Version 17
VisualStudioVersion = 17.4.33213.308
MinimumVisualStudioVersion = 10.0.40219.1
Project("{FAE04EC0-301F-11D3-BF4B-00C04F79EFBC}") = "Module_3_2_7", "Module_3_2_7.csproj", "{9CD5E15C-D138-46E3-92A6-9808FF0344CA}"
EndProject
Global
	GlobalSection(SolutionConfigurationPlatforms) = preSolution
		Debug|Any CPU = Debug|Any CPU
		Release|Any CPU = Release|Any CPU
	EndGlobalSection
	GlobalSection(ProjectConfigurationPlatforms) = postSolution
		{9CD5E15C-D138-46E3-92A6-9808FF0344CA}.Debug|Any CPU.ActiveCfg = Debug|Any CPU
		{9CD5E15C-D138-46E3-92A6-9808FF0344CA}.Debug|Any CPU.Build.0 = Debug|Any CPU
		{9CD5E15C-D138-46E3-92A6-9808FF0344CA}.Release|Any CPU.ActiveCfg = Release|Any CPU
		{9CD5E15C-D138-46E3-92A6-9808FF0344CA}.Release|Any CPU.Build.0 = Release|Any CPU
	EndGlobalSection
	GlobalSection(SolutionProperties) = preSolution
		HideSolutionNode = FALSE
	EndGlobalSection
	GlobalSection(ExtensibilityGlobals) = postSolution
		SolutionGuid = {0028A3CC-5870-48F8-8244-D1F8700F76EC}
	EndGlobalSection
EndGlobal
