
Microsoft Visual Studio Solution File, Format Version 12.00
# Visual Studio Version 17
VisualStudioVersion = 17.4.33213.308
MinimumVisualStudioVersion = 10.0.40219.1
Project("{FAE04EC0-301F-11D3-BF4B-00C04F79EFBC}") = "Module 3_3", "Module 3_3.csproj", "{1591C7D0-7809-45CA-BABB-59B8EE1669A4}"
EndProject
Global
	GlobalSection(SolutionConfigurationPlatforms) = preSolution
		Debug|Any CPU = Debug|Any CPU
		Release|Any CPU = Release|Any CPU
	EndGlobalSection
	GlobalSection(ProjectConfigurationPlatforms) = postSolution
		{1591C7D0-7809-45CA-BABB-59B8EE1669A4}.Debug|Any CPU.ActiveCfg = Debug|Any CPU
		{1591C7D0-7809-45CA-BABB-59B8EE1669A4}.Debug|Any CPU.Build.0 = Debug|Any CPU
		{1591C7D0-7809-45CA-BABB-59B8EE1669A4}.Release|Any CPU.ActiveCfg = Release|Any CPU
		{1591C7D0-7809-45CA-BABB-59B8EE1669A4}.Release|Any CPU.Build.0 = Release|Any CPU
	EndGlobalSection
	GlobalSection(SolutionProperties) = preSolution
		HideSolutionNode = FALSE
	EndGlobalSection
	GlobalSection(ExtensibilityGlobals) = postSolution
		SolutionGuid = {231E7820-D286-4E8C-8607-8C18BF52D8B3}
	EndGlobalSection
EndGlobal
