
Microsoft Visual Studio Solution File, Format Version 12.00
# Visual Studio Version 17
VisualStudioVersion = 17.5.33627.172
MinimumVisualStudioVersion = 10.0.40219.1
Project("{FAE04EC0-301F-11D3-BF4B-00C04F79EFBC}") = "Module_4_3_massiv", "Module_4_3_massiv.csproj", "{A9F35C5D-19BC-4259-BBE0-E1249FA616DD}"
EndProject
Global
	GlobalSection(SolutionConfigurationPlatforms) = preSolution
		Debug|Any CPU = Debug|Any CPU
		Release|Any CPU = Release|Any CPU
	EndGlobalSection
	GlobalSection(ProjectConfigurationPlatforms) = postSolution
		{A9F35C5D-19BC-4259-BBE0-E1249FA616DD}.Debug|Any CPU.ActiveCfg = Debug|Any CPU
		{A9F35C5D-19BC-4259-BBE0-E1249FA616DD}.Debug|Any CPU.Build.0 = Debug|Any CPU
		{A9F35C5D-19BC-4259-BBE0-E1249FA616DD}.Release|Any CPU.ActiveCfg = Release|Any CPU
		{A9F35C5D-19BC-4259-BBE0-E1249FA616DD}.Release|Any CPU.Build.0 = Release|Any CPU
	EndGlobalSection
	GlobalSection(SolutionProperties) = preSolution
		HideSolutionNode = FALSE
	EndGlobalSection
	GlobalSection(ExtensibilityGlobals) = postSolution
		SolutionGuid = {927914FD-187F-47EA-BC36-23A5AAA98615}
	EndGlobalSection
EndGlobal
