
Microsoft Visual Studio Solution File, Format Version 12.00
# Visual Studio Version 17
VisualStudioVersion = 17.5.33627.172
MinimumVisualStudioVersion = 10.0.40219.1
Project("{FAE04EC0-301F-11D3-BF4B-00C04F79EFBC}") = "Module_10_2_1", "Module_10_2_1.csproj", "{EB37D7AE-2111-439A-8626-B2035AE5AD0B}"
EndProject
Global
	GlobalSection(SolutionConfigurationPlatforms) = preSolution
		Debug|Any CPU = Debug|Any CPU
		Release|Any CPU = Release|Any CPU
	EndGlobalSection
	GlobalSection(ProjectConfigurationPlatforms) = postSolution
		{EB37D7AE-2111-439A-8626-B2035AE5AD0B}.Debug|Any CPU.ActiveCfg = Debug|Any CPU
		{EB37D7AE-2111-439A-8626-B2035AE5AD0B}.Debug|Any CPU.Build.0 = Debug|Any CPU
		{EB37D7AE-2111-439A-8626-B2035AE5AD0B}.Release|Any CPU.ActiveCfg = Release|Any CPU
		{EB37D7AE-2111-439A-8626-B2035AE5AD0B}.Release|Any CPU.Build.0 = Release|Any CPU
	EndGlobalSection
	GlobalSection(SolutionProperties) = preSolution
		HideSolutionNode = FALSE
	EndGlobalSection
	GlobalSection(ExtensibilityGlobals) = postSolution
		SolutionGuid = {F95C0D99-3184-4761-B4F0-865F3B9BBA76}
	EndGlobalSection
EndGlobal
