
Microsoft Visual Studio Solution File, Format Version 12.00
# Visual Studio Version 17
VisualStudioVersion = 17.5.33627.172
MinimumVisualStudioVersion = 10.0.40219.1
Project("{FAE04EC0-301F-11D3-BF4B-00C04F79EFBC}") = "Module_9_4_1", "Module_9_4_1.csproj", "{C34C131F-AD59-4DA3-A215-19696F248711}"
EndProject
Global
	GlobalSection(SolutionConfigurationPlatforms) = preSolution
		Debug|Any CPU = Debug|Any CPU
		Release|Any CPU = Release|Any CPU
	EndGlobalSection
	GlobalSection(ProjectConfigurationPlatforms) = postSolution
		{C34C131F-AD59-4DA3-A215-19696F248711}.Debug|Any CPU.ActiveCfg = Debug|Any CPU
		{C34C131F-AD59-4DA3-A215-19696F248711}.Debug|Any CPU.Build.0 = Debug|Any CPU
		{C34C131F-AD59-4DA3-A215-19696F248711}.Release|Any CPU.ActiveCfg = Release|Any CPU
		{C34C131F-AD59-4DA3-A215-19696F248711}.Release|Any CPU.Build.0 = Release|Any CPU
	EndGlobalSection
	GlobalSection(SolutionProperties) = preSolution
		HideSolutionNode = FALSE
	EndGlobalSection
	GlobalSection(ExtensibilityGlobals) = postSolution
		SolutionGuid = {57E62ED3-770B-4F82-BCAF-B35DCDA87B51}
	EndGlobalSection
EndGlobal
