
Microsoft Visual Studio Solution File, Format Version 12.00
# Visual Studio Version 17
VisualStudioVersion = 17.5.33627.172
MinimumVisualStudioVersion = 10.0.40219.1
Project("{FAE04EC0-301F-11D3-BF4B-00C04F79EFBC}") = "Module_9_3_2", "Module_9_3_2.csproj", "{4E0FA42F-4C59-4D1F-A4FC-B73733A64EBD}"
EndProject
Global
	GlobalSection(SolutionConfigurationPlatforms) = preSolution
		Debug|Any CPU = Debug|Any CPU
		Release|Any CPU = Release|Any CPU
	EndGlobalSection
	GlobalSection(ProjectConfigurationPlatforms) = postSolution
		{4E0FA42F-4C59-4D1F-A4FC-B73733A64EBD}.Debug|Any CPU.ActiveCfg = Debug|Any CPU
		{4E0FA42F-4C59-4D1F-A4FC-B73733A64EBD}.Debug|Any CPU.Build.0 = Debug|Any CPU
		{4E0FA42F-4C59-4D1F-A4FC-B73733A64EBD}.Release|Any CPU.ActiveCfg = Release|Any CPU
		{4E0FA42F-4C59-4D1F-A4FC-B73733A64EBD}.Release|Any CPU.Build.0 = Release|Any CPU
	EndGlobalSection
	GlobalSection(SolutionProperties) = preSolution
		HideSolutionNode = FALSE
	EndGlobalSection
	GlobalSection(ExtensibilityGlobals) = postSolution
		SolutionGuid = {96588B9F-B040-43CF-846E-4524087DEB6A}
	EndGlobalSection
EndGlobal
