
Microsoft Visual Studio Solution File, Format Version 12.00
# Visual Studio Version 17
VisualStudioVersion = 17.5.33627.172
MinimumVisualStudioVersion = 10.0.40219.1
Project("{FAE04EC0-301F-11D3-BF4B-00C04F79EFBC}") = "Moule_7_1_10", "Moule_7_1_10.csproj", "{57D91B10-69C0-45F1-801A-C36F956E0A63}"
EndProject
Global
	GlobalSection(SolutionConfigurationPlatforms) = preSolution
		Debug|Any CPU = Debug|Any CPU
		Release|Any CPU = Release|Any CPU
	EndGlobalSection
	GlobalSection(ProjectConfigurationPlatforms) = postSolution
		{57D91B10-69C0-45F1-801A-C36F956E0A63}.Debug|Any CPU.ActiveCfg = Debug|Any CPU
		{57D91B10-69C0-45F1-801A-C36F956E0A63}.Debug|Any CPU.Build.0 = Debug|Any CPU
		{57D91B10-69C0-45F1-801A-C36F956E0A63}.Release|Any CPU.ActiveCfg = Release|Any CPU
		{57D91B10-69C0-45F1-801A-C36F956E0A63}.Release|Any CPU.Build.0 = Release|Any CPU
	EndGlobalSection
	GlobalSection(SolutionProperties) = preSolution
		HideSolutionNode = FALSE
	EndGlobalSection
	GlobalSection(ExtensibilityGlobals) = postSolution
		SolutionGuid = {9653DEC1-E47E-434E-A572-23D26992014D}
	EndGlobalSection
EndGlobal
