
Microsoft Visual Studio Solution File, Format Version 12.00
# Visual Studio Version 17
VisualStudioVersion = 17.5.33627.172
MinimumVisualStudioVersion = 10.0.40219.1
Project("{FAE04EC0-301F-11D3-BF4B-00C04F79EFBC}") = "Module_10_4_1", "Module_10_4_1.csproj", "{F4CDD2B6-535D-4640-991C-8E20239F944F}"
EndProject
Global
	GlobalSection(SolutionConfigurationPlatforms) = preSolution
		Debug|Any CPU = Debug|Any CPU
		Release|Any CPU = Release|Any CPU
	EndGlobalSection
	GlobalSection(ProjectConfigurationPlatforms) = postSolution
		{F4CDD2B6-535D-4640-991C-8E20239F944F}.Debug|Any CPU.ActiveCfg = Debug|Any CPU
		{F4CDD2B6-535D-4640-991C-8E20239F944F}.Debug|Any CPU.Build.0 = Debug|Any CPU
		{F4CDD2B6-535D-4640-991C-8E20239F944F}.Release|Any CPU.ActiveCfg = Release|Any CPU
		{F4CDD2B6-535D-4640-991C-8E20239F944F}.Release|Any CPU.Build.0 = Release|Any CPU
	EndGlobalSection
	GlobalSection(SolutionProperties) = preSolution
		HideSolutionNode = FALSE
	EndGlobalSection
	GlobalSection(ExtensibilityGlobals) = postSolution
		SolutionGuid = {216C3C65-1639-45C8-827D-4BDCCEEB3186}
	EndGlobalSection
EndGlobal
