
Microsoft Visual Studio Solution File, Format Version 12.00
# Visual Studio Version 17
VisualStudioVersion = 17.5.33627.172
MinimumVisualStudioVersion = 10.0.40219.1
Project("{FAE04EC0-301F-11D3-BF4B-00C04F79EFBC}") = "Module_7_2_7", "Module_7_2_7.csproj", "{4FCCE53B-17E0-45FE-8308-C5712C8C82BD}"
EndProject
Global
	GlobalSection(SolutionConfigurationPlatforms) = preSolution
		Debug|Any CPU = Debug|Any CPU
		Release|Any CPU = Release|Any CPU
	EndGlobalSection
	GlobalSection(ProjectConfigurationPlatforms) = postSolution
		{4FCCE53B-17E0-45FE-8308-C5712C8C82BD}.Debug|Any CPU.ActiveCfg = Debug|Any CPU
		{4FCCE53B-17E0-45FE-8308-C5712C8C82BD}.Debug|Any CPU.Build.0 = Debug|Any CPU
		{4FCCE53B-17E0-45FE-8308-C5712C8C82BD}.Release|Any CPU.ActiveCfg = Release|Any CPU
		{4FCCE53B-17E0-45FE-8308-C5712C8C82BD}.Release|Any CPU.Build.0 = Release|Any CPU
	EndGlobalSection
	GlobalSection(SolutionProperties) = preSolution
		HideSolutionNode = FALSE
	EndGlobalSection
	GlobalSection(ExtensibilityGlobals) = postSolution
		SolutionGuid = {D7C78119-2C88-4741-8D23-2CA3044F64F3}
	EndGlobalSection
EndGlobal
