
Microsoft Visual Studio Solution File, Format Version 12.00
# Visual Studio Version 17
VisualStudioVersion = 17.5.33627.172
MinimumVisualStudioVersion = 10.0.40219.1
Project("{FAE04EC0-301F-11D3-BF4B-00C04F79EFBC}") = "Module_5_4", "Module_5_4.csproj", "{87FB6D2B-CEA0-47CE-B95E-9D73DE436684}"
EndProject
Global
	GlobalSection(SolutionConfigurationPlatforms) = preSolution
		Debug|Any CPU = Debug|Any CPU
		Release|Any CPU = Release|Any CPU
	EndGlobalSection
	GlobalSection(ProjectConfigurationPlatforms) = postSolution
		{87FB6D2B-CEA0-47CE-B95E-9D73DE436684}.Debug|Any CPU.ActiveCfg = Debug|Any CPU
		{87FB6D2B-CEA0-47CE-B95E-9D73DE436684}.Debug|Any CPU.Build.0 = Debug|Any CPU
		{87FB6D2B-CEA0-47CE-B95E-9D73DE436684}.Release|Any CPU.ActiveCfg = Release|Any CPU
		{87FB6D2B-CEA0-47CE-B95E-9D73DE436684}.Release|Any CPU.Build.0 = Release|Any CPU
	EndGlobalSection
	GlobalSection(SolutionProperties) = preSolution
		HideSolutionNode = FALSE
	EndGlobalSection
	GlobalSection(ExtensibilityGlobals) = postSolution
		SolutionGuid = {5FA01CA8-DE21-4138-9449-5A56F6867720}
	EndGlobalSection
EndGlobal
