
Microsoft Visual Studio Solution File, Format Version 12.00
# Visual Studio Version 17
VisualStudioVersion = 17.5.33627.172
MinimumVisualStudioVersion = 10.0.40219.1
Project("{FAE04EC0-301F-11D3-BF4B-00C04F79EFBC}") = "Module_11_1", "Module_11_1.csproj", "{4DD89CBB-FC94-4657-A621-272EA6AA193F}"
EndProject
Global
	GlobalSection(SolutionConfigurationPlatforms) = preSolution
		Debug|Any CPU = Debug|Any CPU
		Release|Any CPU = Release|Any CPU
	EndGlobalSection
	GlobalSection(ProjectConfigurationPlatforms) = postSolution
		{4DD89CBB-FC94-4657-A621-272EA6AA193F}.Debug|Any CPU.ActiveCfg = Debug|Any CPU
		{4DD89CBB-FC94-4657-A621-272EA6AA193F}.Debug|Any CPU.Build.0 = Debug|Any CPU
		{4DD89CBB-FC94-4657-A621-272EA6AA193F}.Release|Any CPU.ActiveCfg = Release|Any CPU
		{4DD89CBB-FC94-4657-A621-272EA6AA193F}.Release|Any CPU.Build.0 = Release|Any CPU
	EndGlobalSection
	GlobalSection(SolutionProperties) = preSolution
		HideSolutionNode = FALSE
	EndGlobalSection
	GlobalSection(ExtensibilityGlobals) = postSolution
		SolutionGuid = {C444DFFD-5B92-44A2-96DE-951B4F986EE2}
	EndGlobalSection
EndGlobal
