
Microsoft Visual Studio Solution File, Format Version 12.00
# Visual Studio Version 17
VisualStudioVersion = 17.4.33213.308
MinimumVisualStudioVersion = 10.0.40219.1
Project("{FAE04EC0-301F-11D3-BF4B-00C04F79EFBC}") = "Module_4_1", "Module_4_1.csproj", "{FD1D5171-8077-4B26-9C6A-67DE608894D0}"
EndProject
Global
	GlobalSection(SolutionConfigurationPlatforms) = preSolution
		Debug|Any CPU = Debug|Any CPU
		Release|Any CPU = Release|Any CPU
	EndGlobalSection
	GlobalSection(ProjectConfigurationPlatforms) = postSolution
		{FD1D5171-8077-4B26-9C6A-67DE608894D0}.Debug|Any CPU.ActiveCfg = Debug|Any CPU
		{FD1D5171-8077-4B26-9C6A-67DE608894D0}.Debug|Any CPU.Build.0 = Debug|Any CPU
		{FD1D5171-8077-4B26-9C6A-67DE608894D0}.Release|Any CPU.ActiveCfg = Release|Any CPU
		{FD1D5171-8077-4B26-9C6A-67DE608894D0}.Release|Any CPU.Build.0 = Release|Any CPU
	EndGlobalSection
	GlobalSection(SolutionProperties) = preSolution
		HideSolutionNode = FALSE
	EndGlobalSection
	GlobalSection(ExtensibilityGlobals) = postSolution
		SolutionGuid = {B02854D9-3D07-433D-AD8C-0C2DB2225E95}
	EndGlobalSection
EndGlobal
