
Microsoft Visual Studio Solution File, Format Version 12.00
# Visual Studio Version 17
VisualStudioVersion = 17.5.33627.172
MinimumVisualStudioVersion = 10.0.40219.1
Project("{FAE04EC0-301F-11D3-BF4B-00C04F79EFBC}") = "Module_9_1_4", "Module_9_1_4.csproj", "{224B81FD-F185-4320-949C-530B25F800F0}"
EndProject
Global
	GlobalSection(SolutionConfigurationPlatforms) = preSolution
		Debug|Any CPU = Debug|Any CPU
		Release|Any CPU = Release|Any CPU
	EndGlobalSection
	GlobalSection(ProjectConfigurationPlatforms) = postSolution
		{224B81FD-F185-4320-949C-530B25F800F0}.Debug|Any CPU.ActiveCfg = Debug|Any CPU
		{224B81FD-F185-4320-949C-530B25F800F0}.Debug|Any CPU.Build.0 = Debug|Any CPU
		{224B81FD-F185-4320-949C-530B25F800F0}.Release|Any CPU.ActiveCfg = Release|Any CPU
		{224B81FD-F185-4320-949C-530B25F800F0}.Release|Any CPU.Build.0 = Release|Any CPU
	EndGlobalSection
	GlobalSection(SolutionProperties) = preSolution
		HideSolutionNode = FALSE
	EndGlobalSection
	GlobalSection(ExtensibilityGlobals) = postSolution
		SolutionGuid = {843C5360-E8F7-4E01-9B7B-94EBFFCA3CC9}
	EndGlobalSection
EndGlobal
