
Microsoft Visual Studio Solution File, Format Version 12.00
# Visual Studio Version 17
VisualStudioVersion = 17.5.33627.172
MinimumVisualStudioVersion = 10.0.40219.1
Project("{FAE04EC0-301F-11D3-BF4B-00C04F79EFBC}") = "Module_8_2_5_Itog_8_2", "Module_8_2_5_Itog_8_2.csproj", "{61E91676-3253-4914-AABE-B6A27D51E06C}"
EndProject
Global
	GlobalSection(SolutionConfigurationPlatforms) = preSolution
		Debug|Any CPU = Debug|Any CPU
		Release|Any CPU = Release|Any CPU
	EndGlobalSection
	GlobalSection(ProjectConfigurationPlatforms) = postSolution
		{61E91676-3253-4914-AABE-B6A27D51E06C}.Debug|Any CPU.ActiveCfg = Debug|Any CPU
		{61E91676-3253-4914-AABE-B6A27D51E06C}.Debug|Any CPU.Build.0 = Debug|Any CPU
		{61E91676-3253-4914-AABE-B6A27D51E06C}.Release|Any CPU.ActiveCfg = Release|Any CPU
		{61E91676-3253-4914-AABE-B6A27D51E06C}.Release|Any CPU.Build.0 = Release|Any CPU
	EndGlobalSection
	GlobalSection(SolutionProperties) = preSolution
		HideSolutionNode = FALSE
	EndGlobalSection
	GlobalSection(ExtensibilityGlobals) = postSolution
		SolutionGuid = {91D696A4-5F8B-4D4F-AF48-AD3F91BB6DF0}
	EndGlobalSection
EndGlobal
