
Microsoft Visual Studio Solution File, Format Version 12.00
# Visual Studio Version 17
VisualStudioVersion = 17.5.33627.172
MinimumVisualStudioVersion = 10.0.40219.1
Project("{FAE04EC0-301F-11D3-BF4B-00C04F79EFBC}") = "Module_5_3", "Module_5_3.csproj", "{DA3B3FC4-B3EB-4EAA-BF21-C65EFB9A9F03}"
EndProject
Global
	GlobalSection(SolutionConfigurationPlatforms) = preSolution
		Debug|Any CPU = Debug|Any CPU
		Release|Any CPU = Release|Any CPU
	EndGlobalSection
	GlobalSection(ProjectConfigurationPlatforms) = postSolution
		{DA3B3FC4-B3EB-4EAA-BF21-C65EFB9A9F03}.Debug|Any CPU.ActiveCfg = Debug|Any CPU
		{DA3B3FC4-B3EB-4EAA-BF21-C65EFB9A9F03}.Debug|Any CPU.Build.0 = Debug|Any CPU
		{DA3B3FC4-B3EB-4EAA-BF21-C65EFB9A9F03}.Release|Any CPU.ActiveCfg = Release|Any CPU
		{DA3B3FC4-B3EB-4EAA-BF21-C65EFB9A9F03}.Release|Any CPU.Build.0 = Release|Any CPU
	EndGlobalSection
	GlobalSection(SolutionProperties) = preSolution
		HideSolutionNode = FALSE
	EndGlobalSection
	GlobalSection(ExtensibilityGlobals) = postSolution
		SolutionGuid = {255E429F-2160-4F3D-8886-EC9AE94F3BDE}
	EndGlobalSection
EndGlobal
