
Microsoft Visual Studio Solution File, Format Version 12.00
# Visual Studio Version 17
VisualStudioVersion = 17.5.33627.172
MinimumVisualStudioVersion = 10.0.40219.1
Project("{FAE04EC0-301F-11D3-BF4B-00C04F79EFBC}") = "Module_7_5_2", "Module_7_5_2.csproj", "{D985F1FC-7D00-4AFB-ACAC-B417F95FB4BB}"
EndProject
Global
	GlobalSection(SolutionConfigurationPlatforms) = preSolution
		Debug|Any CPU = Debug|Any CPU
		Release|Any CPU = Release|Any CPU
	EndGlobalSection
	GlobalSection(ProjectConfigurationPlatforms) = postSolution
		{D985F1FC-7D00-4AFB-ACAC-B417F95FB4BB}.Debug|Any CPU.ActiveCfg = Debug|Any CPU
		{D985F1FC-7D00-4AFB-ACAC-B417F95FB4BB}.Debug|Any CPU.Build.0 = Debug|Any CPU
		{D985F1FC-7D00-4AFB-ACAC-B417F95FB4BB}.Release|Any CPU.ActiveCfg = Release|Any CPU
		{D985F1FC-7D00-4AFB-ACAC-B417F95FB4BB}.Release|Any CPU.Build.0 = Release|Any CPU
	EndGlobalSection
	GlobalSection(SolutionProperties) = preSolution
		HideSolutionNode = FALSE
	EndGlobalSection
	GlobalSection(ExtensibilityGlobals) = postSolution
		SolutionGuid = {2E0B5BF1-0112-43B9-B58A-A6AA6B4BBE88}
	EndGlobalSection
EndGlobal
