
Microsoft Visual Studio Solution File, Format Version 12.00
# Visual Studio Version 17
VisualStudioVersion = 17.5.33627.172
MinimumVisualStudioVersion = 10.0.40219.1
Project("{FAE04EC0-301F-11D3-BF4B-00C04F79EFBC}") = "Module 5_3_13", "Module 5_3_13.csproj", "{23E1DC4A-B9C6-4D10-9685-85F10EAA57FD}"
EndProject
Global
	GlobalSection(SolutionConfigurationPlatforms) = preSolution
		Debug|Any CPU = Debug|Any CPU
		Release|Any CPU = Release|Any CPU
	EndGlobalSection
	GlobalSection(ProjectConfigurationPlatforms) = postSolution
		{23E1DC4A-B9C6-4D10-9685-85F10EAA57FD}.Debug|Any CPU.ActiveCfg = Debug|Any CPU
		{23E1DC4A-B9C6-4D10-9685-85F10EAA57FD}.Debug|Any CPU.Build.0 = Debug|Any CPU
		{23E1DC4A-B9C6-4D10-9685-85F10EAA57FD}.Release|Any CPU.ActiveCfg = Release|Any CPU
		{23E1DC4A-B9C6-4D10-9685-85F10EAA57FD}.Release|Any CPU.Build.0 = Release|Any CPU
	EndGlobalSection
	GlobalSection(SolutionProperties) = preSolution
		HideSolutionNode = FALSE
	EndGlobalSection
	GlobalSection(ExtensibilityGlobals) = postSolution
		SolutionGuid = {8BFDFF70-CAEC-4536-8125-51ABAB09369E}
	EndGlobalSection
EndGlobal
