
Microsoft Visual Studio Solution File, Format Version 12.00
# Visual Studio Version 17
VisualStudioVersion = 17.5.33627.172
MinimumVisualStudioVersion = 10.0.40219.1
Project("{FAE04EC0-301F-11D3-BF4B-00C04F79EFBC}") = "Module_9_2_2", "Module_9_2_2.csproj", "{6075675C-D918-44A0-9EA8-E0CEA74F32D2}"
EndProject
Global
	GlobalSection(SolutionConfigurationPlatforms) = preSolution
		Debug|Any CPU = Debug|Any CPU
		Release|Any CPU = Release|Any CPU
	EndGlobalSection
	GlobalSection(ProjectConfigurationPlatforms) = postSolution
		{6075675C-D918-44A0-9EA8-E0CEA74F32D2}.Debug|Any CPU.ActiveCfg = Debug|Any CPU
		{6075675C-D918-44A0-9EA8-E0CEA74F32D2}.Debug|Any CPU.Build.0 = Debug|Any CPU
		{6075675C-D918-44A0-9EA8-E0CEA74F32D2}.Release|Any CPU.ActiveCfg = Release|Any CPU
		{6075675C-D918-44A0-9EA8-E0CEA74F32D2}.Release|Any CPU.Build.0 = Release|Any CPU
	EndGlobalSection
	GlobalSection(SolutionProperties) = preSolution
		HideSolutionNode = FALSE
	EndGlobalSection
	GlobalSection(ExtensibilityGlobals) = postSolution
		SolutionGuid = {3C9BE527-7E58-494A-B62B-7D109FD8E7EA}
	EndGlobalSection
EndGlobal
