
Microsoft Visual Studio Solution File, Format Version 12.00
# Visual Studio Version 17
VisualStudioVersion = 17.5.33627.172
MinimumVisualStudioVersion = 10.0.40219.1
Project("{FAE04EC0-301F-11D3-BF4B-00C04F79EFBC}") = "Module_9_3_4", "Module_9_3_4.csproj", "{D5582D56-B6F9-4241-A567-55854A27F44D}"
EndProject
Global
	GlobalSection(SolutionConfigurationPlatforms) = preSolution
		Debug|Any CPU = Debug|Any CPU
		Release|Any CPU = Release|Any CPU
	EndGlobalSection
	GlobalSection(ProjectConfigurationPlatforms) = postSolution
		{D5582D56-B6F9-4241-A567-55854A27F44D}.Debug|Any CPU.ActiveCfg = Debug|Any CPU
		{D5582D56-B6F9-4241-A567-55854A27F44D}.Debug|Any CPU.Build.0 = Debug|Any CPU
		{D5582D56-B6F9-4241-A567-55854A27F44D}.Release|Any CPU.ActiveCfg = Release|Any CPU
		{D5582D56-B6F9-4241-A567-55854A27F44D}.Release|Any CPU.Build.0 = Release|Any CPU
	EndGlobalSection
	GlobalSection(SolutionProperties) = preSolution
		HideSolutionNode = FALSE
	EndGlobalSection
	GlobalSection(ExtensibilityGlobals) = postSolution
		SolutionGuid = {4C3E85A5-044E-4946-9CE2-2A045F85BC8F}
	EndGlobalSection
EndGlobal
